
Microsoft Visual Studio Solution File, Format Version 12.00
# Visual Studio Version 16
VisualStudioVersion = 16.0.31729.503
MinimumVisualStudioVersion = 10.0.40219.1
Project("{FAE04EC0-301F-11D3-BF4B-00C04F79EFBC}") = "LibraryManager", "LibraryManager\LibraryManager.csproj", "{A34111F7-B742-4205-BD70-6F8C5EB34191}"
EndProject
Global
	GlobalSection(SolutionConfigurationPlatforms) = preSolution
		Debug|Any CPU = Debug|Any CPU
		Release|Any CPU = Release|Any CPU
	EndGlobalSection
	GlobalSection(ProjectConfigurationPlatforms) = postSolution
		{A34111F7-B742-4205-BD70-6F8C5EB34191}.Debug|Any CPU.ActiveCfg = Debug|Any CPU
		{A34111F7-B742-4205-BD70-6F8C5EB34191}.Debug|Any CPU.Build.0 = Debug|Any CPU
		{A34111F7-B742-4205-BD70-6F8C5EB34191}.Release|Any CPU.ActiveCfg = Release|Any CPU
		{A34111F7-B742-4205-BD70-6F8C5EB34191}.Release|Any CPU.Build.0 = Release|Any CPU
	EndGlobalSection
	GlobalSection(SolutionProperties) = preSolution
		HideSolutionNode = FALSE
	EndGlobalSection
	GlobalSection(ExtensibilityGlobals) = postSolution
		SolutionGuid = {51176037-3658-44E5-A924-FE7FC140620D}
	EndGlobalSection
EndGlobal
